
Microsoft Visual Studio Solution File, Format Version 12.00
# Visual Studio 15
VisualStudioVersion = 15.0.28307.421
MinimumVisualStudioVersion = 10.0.40219.1
Project("{FAE04EC0-301F-11D3-BF4B-00C04F79EFBC}") = "JohnSun.Utility", "JohnSun.Utility\JohnSun.Utility.csproj", "{9BF1C1B2-2701-40DB-BB16-A7E2C60D84DF}"
EndProject
Global
	GlobalSection(SolutionConfigurationPlatforms) = preSolution
		Debug|Any CPU = Debug|Any CPU
		Release|Any CPU = Release|Any CPU
	EndGlobalSection
	GlobalSection(ProjectConfigurationPlatforms) = postSolution
		{9BF1C1B2-2701-40DB-BB16-A7E2C60D84DF}.Debug|Any CPU.ActiveCfg = Debug|Any CPU
		{9BF1C1B2-2701-40DB-BB16-A7E2C60D84DF}.Debug|Any CPU.Build.0 = Debug|Any CPU
		{9BF1C1B2-2701-40DB-BB16-A7E2C60D84DF}.Release|Any CPU.ActiveCfg = Release|Any CPU
		{9BF1C1B2-2701-40DB-BB16-A7E2C60D84DF}.Release|Any CPU.Build.0 = Release|Any CPU
	EndGlobalSection
	GlobalSection(SolutionProperties) = preSolution
		HideSolutionNode = FALSE
	EndGlobalSection
	GlobalSection(ExtensibilityGlobals) = postSolution
		SolutionGuid = {1AB2661D-1233-457C-9CD7-7EB07996954F}
	EndGlobalSection
EndGlobal
